
Microsoft Visual Studio Solution File, Format Version 12.00
# Visual Studio Version 17
VisualStudioVersion = 17.10.34928.147
MinimumVisualStudioVersion = 10.0.40219.1
Project("{FAE04EC0-301F-11D3-BF4B-00C04F79EFBC}") = "SS.MSDYN.LGIntelliware.Plugins", "SS.MSDYN.LGIntelliware.Plugins\SS.MSDYN.LGIntelliware.Plugins.csproj", "{C6DF11AB-044C-43D9-A3A2-3D78528844F0}"
EndProject
Project("{FAE04EC0-301F-11D3-BF4B-00C04F79EFBC}") = "SS.MSDYN.LGIntelliware.Actions", "SS.MSDYN.LGIntelliware.Actions\SS.MSDYN.LGIntelliware.Actions.csproj", "{C53B4D01-9DD5-487C-A163-A642CC4B7EFF}"
EndProject
Global
	GlobalSection(SolutionConfigurationPlatforms) = preSolution
		Debug|Any CPU = Debug|Any CPU
		Release|Any CPU = Release|Any CPU
	EndGlobalSection
	GlobalSection(ProjectConfigurationPlatforms) = postSolution
		{C6DF11AB-044C-43D9-A3A2-3D78528844F0}.Debug|Any CPU.ActiveCfg = Debug|Any CPU
		{C6DF11AB-044C-43D9-A3A2-3D78528844F0}.Debug|Any CPU.Build.0 = Debug|Any CPU
		{C6DF11AB-044C-43D9-A3A2-3D78528844F0}.Release|Any CPU.ActiveCfg = Release|Any CPU
		{C6DF11AB-044C-43D9-A3A2-3D78528844F0}.Release|Any CPU.Build.0 = Release|Any CPU
		{C53B4D01-9DD5-487C-A163-A642CC4B7EFF}.Debug|Any CPU.ActiveCfg = Debug|Any CPU
		{C53B4D01-9DD5-487C-A163-A642CC4B7EFF}.Debug|Any CPU.Build.0 = Debug|Any CPU
		{C53B4D01-9DD5-487C-A163-A642CC4B7EFF}.Release|Any CPU.ActiveCfg = Release|Any CPU
		{C53B4D01-9DD5-487C-A163-A642CC4B7EFF}.Release|Any CPU.Build.0 = Release|Any CPU
	EndGlobalSection
	GlobalSection(SolutionProperties) = preSolution
		HideSolutionNode = FALSE
	EndGlobalSection
	GlobalSection(ExtensibilityGlobals) = postSolution
		SolutionGuid = {0CA36F34-36B9-4CE7-9AF6-FCA291613034}
	EndGlobalSection
EndGlobal
